
Microsoft Visual Studio Solution File, Format Version 12.00
# Visual Studio Version 16
VisualStudioVersion = 16.0.30503.244
MinimumVisualStudioVersion = 10.0.40219.1
Project("{FAE04EC0-301F-11D3-BF4B-00C04F79EFBC}") = "mFFramework", "mFFramework.csproj", "{D9C486BC-F015-4153-8B76-E31EF1D4C277}"
EndProject
Global
	GlobalSection(SolutionConfigurationPlatforms) = preSolution
		Debug|Any CPU = Debug|Any CPU
		Release|Any CPU = Release|Any CPU
	EndGlobalSection
	GlobalSection(ProjectConfigurationPlatforms) = postSolution
		{D9C486BC-F015-4153-8B76-E31EF1D4C277}.Debug|Any CPU.ActiveCfg = Debug|Any CPU
		{D9C486BC-F015-4153-8B76-E31EF1D4C277}.Debug|Any CPU.Build.0 = Debug|Any CPU
		{D9C486BC-F015-4153-8B76-E31EF1D4C277}.Release|Any CPU.ActiveCfg = Release|Any CPU
		{D9C486BC-F015-4153-8B76-E31EF1D4C277}.Release|Any CPU.Build.0 = Release|Any CPU
	EndGlobalSection
	GlobalSection(SolutionProperties) = preSolution
		HideSolutionNode = FALSE
	EndGlobalSection
	GlobalSection(ExtensibilityGlobals) = postSolution
		SolutionGuid = {3DA9FD93-CF9E-490E-AAB4-4DDCD50A4C29}
	EndGlobalSection
EndGlobal
